
Microsoft Visual Studio Solution File, Format Version 12.00
# Visual Studio Version 17
VisualStudioVersion = 17.4.33205.214
MinimumVisualStudioVersion = 10.0.40219.1
Project("{9A19103F-16F7-4668-BE54-9A1E7A4F7556}") = "StayFocused", "StayFocused\StayFocused.csproj", "{5384046C-2307-4F58-830C-408EE460D0B7}"
EndProject
Project("{FAE04EC0-301F-11D3-BF4B-00C04F79EFBC}") = "StayFocused.Plugins", "StayFocused.Module.API\StayFocused.Plugins.csproj", "{45429119-4B5E-4B35-B656-E305BFD00505}"
EndProject
Global
	GlobalSection(SolutionConfigurationPlatforms) = preSolution
		Debug|Any CPU = Debug|Any CPU
		Release|Any CPU = Release|Any CPU
	EndGlobalSection
	GlobalSection(ProjectConfigurationPlatforms) = postSolution
		{5384046C-2307-4F58-830C-408EE460D0B7}.Debug|Any CPU.ActiveCfg = Debug|Any CPU
		{5384046C-2307-4F58-830C-408EE460D0B7}.Debug|Any CPU.Build.0 = Debug|Any CPU
		{5384046C-2307-4F58-830C-408EE460D0B7}.Release|Any CPU.ActiveCfg = Release|Any CPU
		{5384046C-2307-4F58-830C-408EE460D0B7}.Release|Any CPU.Build.0 = Release|Any CPU
		{45429119-4B5E-4B35-B656-E305BFD00505}.Debug|Any CPU.ActiveCfg = Debug|Any CPU
		{45429119-4B5E-4B35-B656-E305BFD00505}.Debug|Any CPU.Build.0 = Debug|Any CPU
		{45429119-4B5E-4B35-B656-E305BFD00505}.Release|Any CPU.ActiveCfg = Release|Any CPU
		{45429119-4B5E-4B35-B656-E305BFD00505}.Release|Any CPU.Build.0 = Release|Any CPU
	EndGlobalSection
	GlobalSection(SolutionProperties) = preSolution
		HideSolutionNode = FALSE
	EndGlobalSection
	GlobalSection(ExtensibilityGlobals) = postSolution
		SolutionGuid = {26EA418A-EC6D-4CE6-87EE-2ED72EBEEE1B}
	EndGlobalSection
EndGlobal
